<Solution>
  <Project Path="lab1_2/lab1_2.csproj" Id="13ba343c-a963-4f4b-82f2-ddd42f83177d" />
  <Project Path="laba1.1/laba1.1.csproj" Id="03d44444-426e-4979-8018-0906bf705aa7" />
  <Project Path="laba1/laba1.csproj" />
  <Project Path="laba1_3/laba1_3.csproj" Id="542ac822-0158-490b-a2f1-c14cbd2642f8" />
</Solution>
